{
  "version": 4,
  "terraform_version": "1.2.8",
  "serial": 139,
  "lineage": "ee5426c4-084d-c2fe-c43d-ae59f3202521",
  "outputs": {
    "ip": {
      "value": "34.133.239.205",
      "type": "string"
    }
  },
  "resources": [
    {
      "mode": "managed",
      "type": "google_compute_instance",
      "name": "default",
      "provider": "provider[\"registry.terraform.io/hashicorp/google\"]",
      "instances": [
        {
          "schema_version": 6,
          "attributes": {
            "advanced_machine_features": [],
            "allow_stopping_for_update": null,
            "attached_disk": [],
            "boot_disk": [
              {
                "auto_delete": true,
                "device_name": "persistent-disk-0",
                "disk_encryption_key_raw": "",
                "disk_encryption_key_sha256": "",
                "initialize_params": [
                  {
                    "image": "https://www.googleapis.com/compute/v1/projects/ubuntu-os-cloud/global/images/ubuntu-2204-jammy-v20220902",
                    "labels": {},
                    "size": 10,
                    "type": "pd-standard"
                  }
                ],
                "kms_key_self_link": "",
                "mode": "READ_WRITE",
                "source": "https://www.googleapis.com/compute/v1/projects/gcp-anthos-359617/zones/us-central1-a/disks/gitlab-terraform-vm"
              }
            ],
            "can_ip_forward": false,
            "confidential_instance_config": [],
            "cpu_platform": "Intel Haswell",
            "current_status": "RUNNING",
            "deletion_protection": false,
            "description": "",
            "desired_status": null,
            "enable_display": false,
            "guest_accelerator": [],
            "hostname": "",
            "id": "projects/gcp-anthos-359617/zones/us-central1-a/instances/gitlab-terraform-vm",
            "instance_id": "5339598977309109709",
            "label_fingerprint": "42WmSpB8rSM=",
            "labels": null,
            "machine_type": "n1-standard-2",
            "metadata": {
              "ssh-keys": "niteshsharma12012:ssh-rsa AAAAB3NzaC1yc2EAAAADAQABAAABgQDehYCVWGc64ShKalMyXfmLo/iwvvnXAuZDDr0Swj27st6CoJNQ7KMCy0xld2hpl4aZKKLEmqpI4QE/2Z3ZyF8usDOexXfr5iXI3MfHu2UOhgGKBYV58k6Qnxo7D+1taKsuFxmpUop8sI8Yc12LqH6B0Pk35QM1hB3w67jlYQndKwDxrNhjf+r/TWUYcQm0cGpfqbPYXv4N1dwCEltwGDf/weq8Sa19qDG3Gqat+JU7rRcPVJqxbi8xZC9sOKOxyGiYjaqif6qUA9c8pIgjIojYF+rz+eo9Q/lYJZQsCwiE7NcIMIRZ79yK9DC5VW9RDnmrv5qdPQLCfV/W6OH8L345yblakmMHAtNqJwEAen4YCJnpQ8E94jOXnsK4mMqjveHsqNIpCdyo2uo/Xdcu3o1uoKykFg0zeLOPOeM+nlRHiTzlWchwP6HcYsyf5pXo01H+C+jaN3Tx4NsrlKVflX8x44Fm6rHQ2gsDDpS/b4wzumTVmXFh2M0OesYOLn3Th50= niteshsharma12012@cs-306256405052-default\n"
            },
            "metadata_fingerprint": "H9nyFPGou5E=",
            "metadata_startup_script": null,
            "min_cpu_platform": "",
            "name": "gitlab-terraform-vm",
            "network_interface": [
              {
                "access_config": [
                  {
                    "nat_ip": "34.133.239.205",
                    "network_tier": "PREMIUM",
                    "public_ptr_domain_name": ""
                  }
                ],
                "alias_ip_range": [],
                "ipv6_access_config": [],
                "ipv6_access_type": "",
                "name": "nic0",
                "network": "https://www.googleapis.com/compute/v1/projects/gcp-anthos-359617/global/networks/default",
                "network_ip": "10.128.15.209",
                "nic_type": "",
                "queue_count": 0,
                "stack_type": "IPV4_ONLY",
                "subnetwork": "https://www.googleapis.com/compute/v1/projects/gcp-anthos-359617/regions/us-central1/subnetworks/default",
                "subnetwork_project": "gcp-anthos-359617"
              }
            ],
            "project": "gcp-anthos-359617",
            "reservation_affinity": [],
            "resource_policies": null,
            "scheduling": [
              {
                "automatic_restart": true,
                "instance_termination_action": "",
                "min_node_cpus": 0,
                "node_affinities": [],
                "on_host_maintenance": "MIGRATE",
                "preemptible": false,
                "provisioning_model": "STANDARD"
              }
            ],
            "scratch_disk": [],
            "self_link": "https://www.googleapis.com/compute/v1/projects/gcp-anthos-359617/zones/us-central1-a/instances/gitlab-terraform-vm",
            "service_account": [],
            "shielded_instance_config": [
              {
                "enable_integrity_monitoring": true,
                "enable_secure_boot": false,
                "enable_vtpm": true
              }
            ],
            "tags": null,
            "tags_fingerprint": "42WmSpB8rSM=",
            "timeouts": null,
            "zone": "us-central1-a"
          },
          "sensitive_attributes": [],
          "private": "eyJlMmJmYjczMC1lY2FhLTExZTYtOGY4OC0zNDM2M2JjN2M0YzAiOnsiY3JlYXRlIjoxMjAwMDAwMDAwMDAwLCJkZWxldGUiOjEyMDAwMDAwMDAwMDAsInVwZGF0ZSI6MTIwMDAwMDAwMDAwMH0sInNjaGVtYV92ZXJzaW9uIjoiNiJ9"
        }
      ]
    },
    {
      "mode": "managed",
      "type": "null_resource",
      "name": "provisionscript1",
      "provider": "provider[\"registry.terraform.io/hashicorp/null\"]",
      "instances": [
        {
          "schema_version": 0,
          "attributes": {
            "id": "6257929779451017298",
            "triggers": null
          },
          "sensitive_attributes": [],
          "private": "bnVsbA==",
          "dependencies": [
            "google_compute_instance.default"
          ]
        }
      ]
    },
    {
      "mode": "managed",
      "type": "null_resource",
      "name": "provisionscript2",
      "provider": "provider[\"registry.terraform.io/hashicorp/null\"]",
      "instances": [
        {
          "schema_version": 0,
          "attributes": {
            "id": "3539764298221359449",
            "triggers": null
          },
          "sensitive_attributes": [],
          "private": "bnVsbA==",
          "dependencies": [
            "google_compute_instance.default",
            "null_resource.provisionscript1",
            "null_resource.runscript1"
          ]
        }
      ]
    },
    {
      "mode": "managed",
      "type": "null_resource",
      "name": "provisionscript3",
      "provider": "provider[\"registry.terraform.io/hashicorp/null\"]",
      "instances": [
        {
          "status": "tainted",
          "schema_version": 0,
          "attributes": {
            "id": "4059557345376913769",
            "triggers": null
          },
          "sensitive_attributes": [],
          "private": "bnVsbA==",
          "dependencies": [
            "google_compute_instance.default"
          ]
        }
      ]
    },
    {
      "mode": "managed",
      "type": "null_resource",
      "name": "runscript1",
      "provider": "provider[\"registry.terraform.io/hashicorp/null\"]",
      "instances": [
        {
          "schema_version": 0,
          "attributes": {
            "id": "4260054332646483504",
            "triggers": null
          },
          "sensitive_attributes": [],
          "private": "bnVsbA==",
          "dependencies": [
            "google_compute_instance.default",
            "null_resource.provisionscript1"
          ]
        }
      ]
    },
    {
      "mode": "managed",
      "type": "null_resource",
      "name": "runscript2",
      "provider": "provider[\"registry.terraform.io/hashicorp/null\"]",
      "instances": [
        {
          "schema_version": 0,
          "attributes": {
            "id": "1356974632526105739",
            "triggers": null
          },
          "sensitive_attributes": [],
          "private": "bnVsbA==",
          "dependencies": [
            "google_compute_instance.default",
            "null_resource.provisionscript1",
            "null_resource.provisionscript2",
            "null_resource.runscript1"
          ]
        }
      ]
    }
  ]
}
