{
  "version": 4,
  "terraform_version": "1.2.7",
  "serial": 6,
  "lineage": "2570d205-733c-c75a-f0dc-c00f52a270d2",
  "outputs": {
    "ip": {
      "value": "34.173.158.106",
      "type": "string"
    }
  },
  "resources": [
    {
      "mode": "managed",
      "type": "google_compute_firewall",
      "name": "firewall-externalssh",
      "provider": "provider[\"registry.terraform.io/hashicorp/google\"]",
      "instances": [
        {
          "schema_version": 1,
          "attributes": {
            "allow": [
              {
                "ports": [
                  "22"
                ],
                "protocol": "tcp"
              }
            ],
            "creation_timestamp": "2022-09-04T22:49:03.860-07:00",
            "deny": [],
            "description": "",
            "destination_ranges": [],
            "direction": "INGRESS",
            "disabled": false,
            "enable_logging": null,
            "id": "projects/gcp-anthos-359617/global/firewalls/firewall-externalssh",
            "log_config": [],
            "name": "firewall-externalssh",
            "network": "https://www.googleapis.com/compute/v1/projects/gcp-anthos-359617/global/networks/default",
            "priority": 1000,
            "project": "gcp-anthos-359617",
            "self_link": "https://www.googleapis.com/compute/v1/projects/gcp-anthos-359617/global/firewalls/firewall-externalssh",
            "source_ranges": [
              "0.0.0.0/0"
            ],
            "source_service_accounts": null,
            "source_tags": null,
            "target_service_accounts": null,
            "target_tags": [
              "externalssh"
            ],
            "timeouts": null
          },
          "sensitive_attributes": [],
          "private": "eyJlMmJmYjczMC1lY2FhLTExZTYtOGY4OC0zNDM2M2JjN2M0YzAiOnsiY3JlYXRlIjoxMjAwMDAwMDAwMDAwLCJkZWxldGUiOjEyMDAwMDAwMDAwMDAsInVwZGF0ZSI6MTIwMDAwMDAwMDAwMH0sInNjaGVtYV92ZXJzaW9uIjoiMSJ9"
        }
      ]
    },
    {
      "mode": "managed",
      "type": "google_compute_instance",
      "name": "default",
      "provider": "provider[\"registry.terraform.io/hashicorp/google\"]",
      "instances": [
        {
          "schema_version": 6,
          "attributes": {
            "advanced_machine_features": [],
            "allow_stopping_for_update": null,
            "attached_disk": [],
            "boot_disk": [
              {
                "auto_delete": true,
                "device_name": "persistent-disk-0",
                "disk_encryption_key_raw": "",
                "disk_encryption_key_sha256": "",
                "initialize_params": [
                  {
                    "image": "https://www.googleapis.com/compute/v1/projects/ubuntu-os-cloud/global/images/ubuntu-1804-bionic-v20220901",
                    "labels": {},
                    "size": 10,
                    "type": "pd-standard"
                  }
                ],
                "kms_key_self_link": "",
                "mode": "READ_WRITE",
                "source": "https://www.googleapis.com/compute/v1/projects/gcp-anthos-359617/zones/us-central1-a/disks/helm-vm"
              }
            ],
            "can_ip_forward": false,
            "confidential_instance_config": [],
            "cpu_platform": "Intel Haswell",
            "current_status": "RUNNING",
            "deletion_protection": false,
            "description": "",
            "desired_status": null,
            "enable_display": false,
            "guest_accelerator": [],
            "hostname": "",
            "id": "projects/gcp-anthos-359617/zones/us-central1-a/instances/helm-vm",
            "instance_id": "4216751864503874353",
            "label_fingerprint": "42WmSpB8rSM=",
            "labels": null,
            "machine_type": "n1-standard-2",
            "metadata": {
              "ssh-keys": "niteshsharma12012:ssh-rsa AAAAB3NzaC1yc2EAAAADAQABAAABgQDehYCVWGc64ShKalMyXfmLo/iwvvnXAuZDDr0Swj27st6CoJNQ7KMCy0xld2hpl4aZKKLEmqpI4QE/2Z3ZyF8usDOexXfr5iXI3MfHu2UOhgGKBYV58k6Qnxo7D+1taKsuFxmpUop8sI8Yc12LqH6B0Pk35QM1hB3w67jlYQndKwDxrNhjf+r/TWUYcQm0cGpfqbPYXv4N1dwCEltwGDf/weq8Sa19qDG3Gqat+JU7rRcPVJqxbi8xZC9sOKOxyGiYjaqif6qUA9c8pIgjIojYF+rz+eo9Q/lYJZQsCwiE7NcIMIRZ79yK9DC5VW9RDnmrv5qdPQLCfV/W6OH8L345yblakmMHAtNqJwEAen4YCJnpQ8E94jOXnsK4mMqjveHsqNIpCdyo2uo/Xdcu3o1uoKykFg0zeLOPOeM+nlRHiTzlWchwP6HcYsyf5pXo01H+C+jaN3Tx4NsrlKVflX8x44Fm6rHQ2gsDDpS/b4wzumTVmXFh2M0OesYOLn3Th50= niteshsharma12012@cs-306256405052-default\n"
            },
            "metadata_fingerprint": "H9nyFPGou5E=",
            "metadata_startup_script": null,
            "min_cpu_platform": "",
            "name": "helm-vm",
            "network_interface": [
              {
                "access_config": [
                  {
                    "nat_ip": "34.173.158.106",
                    "network_tier": "PREMIUM",
                    "public_ptr_domain_name": ""
                  }
                ],
                "alias_ip_range": [],
                "ipv6_access_config": [],
                "ipv6_access_type": "",
                "name": "nic0",
                "network": "https://www.googleapis.com/compute/v1/projects/gcp-anthos-359617/global/networks/default",
                "network_ip": "10.128.15.220",
                "nic_type": "",
                "queue_count": 0,
                "stack_type": "IPV4_ONLY",
                "subnetwork": "https://www.googleapis.com/compute/v1/projects/gcp-anthos-359617/regions/us-central1/subnetworks/default",
                "subnetwork_project": "gcp-anthos-359617"
              }
            ],
            "project": "gcp-anthos-359617",
            "reservation_affinity": [],
            "resource_policies": null,
            "scheduling": [
              {
                "automatic_restart": true,
                "instance_termination_action": "",
                "min_node_cpus": 0,
                "node_affinities": [],
                "on_host_maintenance": "MIGRATE",
                "preemptible": false,
                "provisioning_model": "STANDARD"
              }
            ],
            "scratch_disk": [],
            "self_link": "https://www.googleapis.com/compute/v1/projects/gcp-anthos-359617/zones/us-central1-a/instances/helm-vm",
            "service_account": [],
            "shielded_instance_config": [
              {
                "enable_integrity_monitoring": true,
                "enable_secure_boot": false,
                "enable_vtpm": true
              }
            ],
            "tags": [
              "externalssh"
            ],
            "tags_fingerprint": "3xojOZ8evN8=",
            "timeouts": null,
            "zone": "us-central1-a"
          },
          "sensitive_attributes": [],
          "private": "eyJlMmJmYjczMC1lY2FhLTExZTYtOGY4OC0zNDM2M2JjN2M0YzAiOnsiY3JlYXRlIjoxMjAwMDAwMDAwMDAwLCJkZWxldGUiOjEyMDAwMDAwMDAwMDAsInVwZGF0ZSI6MTIwMDAwMDAwMDAwMH0sInNjaGVtYV92ZXJzaW9uIjoiNiJ9",
          "dependencies": [
            "google_compute_firewall.firewall-externalssh"
          ]
        }
      ]
    }
  ]
}
